// !$*UTF8*$!
{
	archiveVersion = 1;
	classes = {
	};
	objectVersion = 50;
	objects = {

/* Begin PBXBuildFile section */
		653B07B0219DF2A2008904CA /* AppDelegate.swift in Sources */ = {isa = PBXBuildFile; fileRef = 653B07AF219DF2A2008904CA /* AppDelegate.swift */; };
		653B07B2219DF2A2008904CA /* ViewController.swift in Sources */ = {isa = PBXBuildFile; fileRef = 653B07B1219DF2A2008904CA /* ViewController.swift */; };
		653B07B5219DF2A2008904CA /* Main.storyboard in Resources */ = {isa = PBXBuildFile; fileRef = 653B07B3219DF2A2008904CA /* Main.storyboard */; };
		653B07B8219DF2A2008904CA /* tute_UseCoreData.xcdatamodeld in Sources */ = {isa = PBXBuildFile; fileRef = 653B07B6219DF2A2008904CA /* tute_UseCoreData.xcdatamodeld */; };
		653B07BA219DF2A4008904CA /* Assets.xcassets in Resources */ = {isa = PBXBuildFile; fileRef = 653B07B9219DF2A4008904CA /* Assets.xcassets */; };
		653B07BD219DF2A4008904CA /* LaunchScreen.storyboard in Resources */ = {isa = PBXBuildFile; fileRef = 653B07BB219DF2A4008904CA /* LaunchScreen.storyboard */; };
/* End PBXBuildFile section */

/* Begin PBXFileReference section */
		653B07AC219DF2A2008904CA /* tute-UseCoreData.app */ = {isa = PBXFileReference; explicitFileType = wrapper.application; includeInIndex = 0; path = "tute-UseCoreData.app"; sourceTree = BUILT_PRODUCTS_DIR; };
		653B07AF219DF2A2008904CA /* AppDelegate.swift */ = {isa = PBXFileReference; lastKnownFileType = sourcecode.swift; path = AppDelegate.swift; sourceTree = "<group>"; };
		653B07B1219DF2A2008904CA /* ViewController.swift */ = {isa = PBXFileReference; lastKnownFileType = sourcecode.swift; path = ViewController.swift; sourceTree = "<group>"; };
		653B07B4219DF2A2008904CA /* Base */ = {isa = PBXFileReference; lastKnownFileType = file.storyboard; name = Base; path = Base.lproj/Main.storyboard; sourceTree = "<group>"; };
		653B07B7219DF2A2008904CA /* tute_UseCoreData.xcdatamodel */ = {isa = PBXFileReference; lastKnownFileType = wrapper.xcdatamodel; path = tute_UseCoreData.xcdatamodel; sourceTree = "<group>"; };
		653B07B9219DF2A4008904CA /* Assets.xcassets */ = {isa = PBXFileReference; lastKnownFileType = folder.assetcatalog; path = Assets.xcassets; sourceTree = "<group>"; };
		653B07BC219DF2A4008904CA /* Base */ = {isa = PBXFileReference; lastKnownFileType = file.storyboard; name = Base; path = Base.lproj/LaunchScreen.storyboard; sourceTree = "<group>"; };
		653B07BE219DF2A4008904CA /* Info.plist */ = {isa = PBXFileReference; lastKnownFileType = text.plist.xml; path = Info.plist; sourceTree = "<group>"; };
/* End PBXFileReference section */

/* Begin PBXFrameworksBuildPhase section */
		653B07A9219DF2A2008904CA /* Frameworks */ = {
			isa = PBXFrameworksBuildPhase;
			buildActionMask = 2147483647;
			files = (
			);
			runOnlyForDeploymentPostprocessing = 0;
		};
/* End PBXFrameworksBuildPhase section */

/* Begin PBXGroup section */
		653B07A3219DF2A2008904CA = {
			isa = PBXGroup;
			children = (
				653B07AE219DF2A2008904CA /* tute-UseCoreData */,
				653B07AD219DF2A2008904CA /* Products */,
			);
			sourceTree = "<group>";
		};
		653B07AD219DF2A2008904CA /* Products */ = {
			isa = PBXGroup;
			children = (
				653B07AC219DF2A2008904CA /* tute-UseCoreData.app */,
			);
			name = Products;
			sourceTree = "<group>";
		};
		653B07AE219DF2A2008904CA /* tute-UseCoreData */ = {
			isa = PBXGroup;
			children = (
				653B07AF219DF2A2008904CA /* AppDelegate.swift */,
				653B07B1219DF2A2008904CA /* ViewController.swift */,
				653B07B3219DF2A2008904CA /* Main.storyboard */,
				653B07B9219DF2A4008904CA /* Assets.xcassets */,
				653B07BB219DF2A4008904CA /* LaunchScreen.storyboard */,
				653B07BE219DF2A4008904CA /* Info.plist */,
				653B07B6219DF2A2008904CA /* tute_UseCoreData.xcdatamodeld */,
			);
			path = "tute-UseCoreData";
			sourceTree = "<group>";
		};
/* End PBXGroup section */

/* Begin PBXNativeTarget section */
		653B07AB219DF2A2008904CA /* tute-UseCoreData */ = {
			isa = PBXNativeTarget;
			buildConfigurationList = 653B07C1219DF2A4008904CA /* Build configuration list for PBXNativeTarget "tute-UseCoreData" */;
			buildPhases = (
				653B07A8219DF2A2008904CA /* Sources */,
				653B07A9219DF2A2008904CA /* Frameworks */,
				653B07AA219DF2A2008904CA /* Resources */,
			);
			buildRules = (
			);
			dependencies = (
			);
			name = "tute-UseCoreData";
			productName = "tute-UseCoreData";
			productReference = 653B07AC219DF2A2008904CA /* tute-UseCoreData.app */;
			productType = "com.apple.product-type.application";
		};
/* End PBXNativeTarget section */

/* Begin PBXProject section */
		653B07A4219DF2A2008904CA /* Project object */ = {
			isa = PBXProject;
			attributes = {
				LastSwiftUpdateCheck = 1010;
				LastUpgradeCheck = 1010;
				ORGANIZATIONNAME = Kish;
				TargetAttributes = {
					653B07AB219DF2A2008904CA = {
						CreatedOnToolsVersion = 10.1;
					};
				};
			};
			buildConfigurationList = 653B07A7219DF2A2008904CA /* Build configuration list for PBXProject "tute-UseCoreData" */;
			compatibilityVersion = "Xcode 9.3";
			developmentRegion = en;
			hasScannedForEncodings = 0;
			knownRegions = (
				en,
				Base,
			);
			mainGroup = 653B07A3219DF2A2008904CA;
			productRefGroup = 653B07AD219DF2A2008904CA /* Products */;
			projectDirPath = "";
			projectRoot = "";
			targets = (
				653B07AB219DF2A2008904CA /* tute-UseCoreData */,
			);
		};
/* End PBXProject section */

/* Begin PBXResourcesBuildPhase section */
		653B07AA219DF2A2008904CA /* Resources */ = {
			isa = PBXResourcesBuildPhase;
			buildActionMask = 2147483647;
			files = (
				653B07BD219DF2A4008904CA /* LaunchScreen.storyboard in Resources */,
				653B07BA219DF2A4008904CA /* Assets.xcassets in Resources */,
				653B07B5219DF2A2008904CA /* Main.storyboard in Resources */,
			);
			runOnlyForDeploymentPostprocessing = 0;
		};
/* End PBXResourcesBuildPhase section */

/* Begin PBXSourcesBuildPhase section */
		653B07A8219DF2A2008904CA /* Sources */ = {
			isa = PBXSourcesBuildPhase;
			buildActionMask = 2147483647;
			files = (
				653B07B2219DF2A2008904CA /* ViewController.swift in Sources */,
				653B07B0219DF2A2008904CA /* AppDelegate.swift in Sources */,
				653B07B8219DF2A2008904CA /* tute_UseCoreData.xcdatamodeld in Sources */,
			);
			runOnlyForDeploymentPostprocessing = 0;
		};
/* End PBXSourcesBuildPhase section */

/* Begin PBXVariantGroup section */
		653B07B3219DF2A2008904CA /* Main.storyboard */ = {
			isa = PBXVariantGroup;
			children = (
				653B07B4219DF2A2008904CA /* Base */,
			);
			name = Main.storyboard;
			sourceTree = "<group>";
		};
		653B07BB219DF2A4008904CA /* LaunchScreen.storyboard */ = {
			isa = PBXVariantGroup;
			children = (
				653B07BC219DF2A4008904CA /* Base */,
			);
			name = LaunchScreen.storyboard;
			sourceTree = "<group>";
		};
/* End PBXVariantGroup section */

/* Begin XCBuildConfiguration section */
		653B07BF219DF2A4008904CA /* Debug */ = {
			isa = XCBuildConfiguration;
			buildSettings = {
				ALWAYS_SEARCH_USER_PATHS = NO;
				CLANG_ANALYZER_NONNULL = YES;
				CLANG_ANALYZER_NUMBER_OBJECT_CONVERSION = YES_AGGRESSIVE;
				CLANG_CXX_LANGUAGE_STANDARD = "gnu++14";
				CLANG_CXX_LIBRARY = "libc++";
				CLANG_ENABLE_MODULES = YES;
				CLANG_ENABLE_OBJC_ARC = YES;
				CLANG_ENABLE_OBJC_WEAK = YES;
				CLANG_WARN_BLOCK_CAPTURE_AUTORELEASING = YES;
				CLANG_WARN_BOOL_CONVERSION = YES;
				CLANG_WARN_COMMA = YES;
				CLANG_WARN_CONSTANT_CONVERSION = YES;
				CLANG_WARN_DEPRECATED_OBJC_IMPLEMENTATIONS = YES;
				CLANG_WARN_DIRECT_OBJC_ISA_USAGE = YES_ERROR;
				CLANG_WARN_DOCUMENTATION_COMMENTS = YES;
				CLANG_WARN_EMPTY_BODY = YES;
				CLANG_WARN_ENUM_CONVERSION = YES;
				CLANG_WARN_INFINITE_RECURSION = YES;
				CLANG_WARN_INT_CONVERSION = YES;
				CLANG_WARN_NON_LITERAL_NULL_CONVERSION = YES;
				CLANG_WARN_OBJC_IMPLICIT_RETAIN_SELF = YES;
				CLANG_WARN_OBJC_LITERAL_CONVERSION = YES;
				CLANG_WARN_OBJC_ROOT_CLASS = YES_ERROR;
				CLANG_WARN_RANGE_LOOP_ANALYSIS = YES;
				CLANG_WARN_STRICT_PROTOTYPES = YES;
				CLANG_WARN_SUSPICIOUS_MOVE = YES;
				CLANG_WARN_UNGUARDED_AVAILABILITY = YES_AGGRESSIVE;
				CLANG_WARN_UNREACHABLE_CODE = YES;
				CLANG_WARN__DUPLICATE_METHOD_MATCH = YES;
				CODE_SIGN_IDENTITY = "iPhone Developer";
				COPY_PHASE_STRIP = NO;
				DEBUG_INFORMATION_FORMAT = dwarf;
				ENABLE_STRICT_OBJC_MSGSEND = YES;
				ENABLE_TESTABILITY = YES;
				GCC_C_LANGUAGE_STANDARD = gnu11;
				GCC_DYNAMIC_NO_PIC = NO;
				GCC_NO_COMMON_BLOCKS = YES;
				GCC_OPTIMIZATION_LEVEL = 0;
				GCC_PREPROCESSOR_DEFINITIONS = (
					"DEBUG=1",
					"$(inherited)",
				);
				GCC_WARN_64_TO_32_BIT_CONVERSION = YES;
				GCC_WARN_ABOUT_RETURN_TYPE = YES_ERROR;
				GCC_WARN_UNDECLARED_SELECTOR = YES;
				GCC_WARN_UNINITIALIZED_AUTOS = YES_AGGRESSIVE;
				GCC_WARN_UNUSED_FUNCTION = YES;
				GCC_WARN_UNUSED_VARIABLE = YES;
				IPHONEOS_DEPLOYMENT_TARGET = 12.1;
				MTL_ENABLE_DEBUG_INFO = INCLUDE_SOURCE;
				MTL_FAST_MATH = YES;
				ONLY_ACTIVE_ARCH = YES;
				SDKROOT = iphoneos;
				SWIFT_ACTIVE_COMPILATION_CONDITIONS = DEBUG;
				SWIFT_OPTIMIZATION_LEVEL = "-Onone";
			};
			name = Debug;
		};
		653B07C0219DF2A4008904CA /* Release */ = {
			isa = XCBuildConfiguration;
			buildSettings = {
				ALWAYS_SEARCH_USER_PATHS = NO;
				CLANG_ANALYZER_NONNULL = YES;
				CLANG_ANALYZER_NUMBER_OBJECT_CONVERSION = YES_AGGRESSIVE;
				CLANG_CXX_LANGUAGE_STANDARD = "gnu++14";
				CLANG_CXX_LIBRARY = "libc++";
				CLANG_ENABLE_MODULES = YES;
				CLANG_ENABLE_OBJC_ARC = YES;
				CLANG_ENABLE_OBJC_WEAK = YES;
				CLANG_WARN_BLOCK_CAPTURE_AUTORELEASING = YES;
				CLANG_WARN_BOOL_CONVERSION = YES;
				CLANG_WARN_COMMA = YES;
				CLANG_WARN_CONSTANT_CONVERSION = YES;
				CLANG_WARN_DEPRECATED_OBJC_IMPLEMENTATIONS = YES;
				CLANG_WARN_DIRECT_OBJC_ISA_USAGE = YES_ERROR;
				CLANG_WARN_DOCUMENTATION_COMMENTS = YES;
				CLANG_WARN_EMPTY_BODY = YES;
				CLANG_WARN_ENUM_CONVERSION = YES;
				CLANG_WARN_INFINITE_RECURSION = YES;
				CLANG_WARN_INT_CONVERSION = YES;
				CLANG_WARN_NON_LITERAL_NULL_CONVERSION = YES;
				CLANG_WARN_OBJC_IMPLICIT_RETAIN_SELF = YES;
				CLANG_WARN_OBJC_LITERAL_CONVERSION = YES;
				CLANG_WARN_OBJC_ROOT_CLASS = YES_ERROR;
				CLANG_WARN_RANGE_LOOP_ANALYSIS = YES;
				CLANG_WARN_STRICT_PROTOTYPES = YES;
				CLANG_WARN_SUSPICIOUS_MOVE = YES;
				CLANG_WARN_UNGUARDED_AVAILABILITY = YES_AGGRESSIVE;
				CLANG_WARN_UNREACHABLE_CODE = YES;
				CLANG_WARN__DUPLICATE_METHOD_MATCH = YES;
				CODE_SIGN_IDENTITY = "iPhone Developer";
				COPY_PHASE_STRIP = NO;
				DEBUG_INFORMATION_FORMAT = "dwarf-with-dsym";
				ENABLE_NS_ASSERTIONS = NO;
				ENABLE_STRICT_OBJC_MSGSEND = YES;
				GCC_C_LANGUAGE_STANDARD = gnu11;
				GCC_NO_COMMON_BLOCKS = YES;
				GCC_WARN_64_TO_32_BIT_CONVERSION = YES;
				GCC_WARN_ABOUT_RETURN_TYPE = YES_ERROR;
				GCC_WARN_UNDECLARED_SELECTOR = YES;
				GCC_WARN_UNINITIALIZED_AUTOS = YES_AGGRESSIVE;
				GCC_WARN_UNUSED_FUNCTION = YES;
				GCC_WARN_UNUSED_VARIABLE = YES;
				IPHONEOS_DEPLOYMENT_TARGET = 12.1;
				MTL_ENABLE_DEBUG_INFO = NO;
				MTL_FAST_MATH = YES;
				SDKROOT = iphoneos;
				SWIFT_COMPILATION_MODE = wholemodule;
				SWIFT_OPTIMIZATION_LEVEL = "-O";
				VALIDATE_PRODUCT = YES;
			};
			name = Release;
		};
		653B07C2219DF2A4008904CA /* Debug */ = {
			isa = XCBuildConfiguration;
			buildSettings = {
				ASSETCATALOG_COMPILER_APPICON_NAME = AppIcon;
				CODE_SIGN_STYLE = Automatic;
				DEVELOPMENT_TEAM = XQLVBEDK48;
				INFOPLIST_FILE = "tute-UseCoreData/Info.plist";
				LD_RUNPATH_SEARCH_PATHS = (
					"$(inherited)",
					"@executable_path/Frameworks",
				);
				PRODUCT_BUNDLE_IDENTIFIER = "la.kish.tute-UseCoreData";
				PRODUCT_NAME = "$(TARGET_NAME)";
				SWIFT_VERSION = 4.2;
				TARGETED_DEVICE_FAMILY = "1,2";
			};
			name = Debug;
		};
		653B07C3219DF2A4008904CA /* Release */ = {
			isa = XCBuildConfiguration;
			buildSettings = {
				ASSETCATALOG_COMPILER_APPICON_NAME = AppIcon;
				CODE_SIGN_STYLE = Automatic;
				DEVELOPMENT_TEAM = XQLVBEDK48;
				INFOPLIST_FILE = "tute-UseCoreData/Info.plist";
				LD_RUNPATH_SEARCH_PATHS = (
					"$(inherited)",
					"@executable_path/Frameworks",
				);
				PRODUCT_BUNDLE_IDENTIFIER = "la.kish.tute-UseCoreData";
				PRODUCT_NAME = "$(TARGET_NAME)";
				SWIFT_VERSION = 4.2;
				TARGETED_DEVICE_FAMILY = "1,2";
			};
			name = Release;
		};
/* End XCBuildConfiguration section */

/* Begin XCConfigurationList section */
		653B07A7219DF2A2008904CA /* Build configuration list for PBXProject "tute-UseCoreData" */ = {
			isa = XCConfigurationList;
			buildConfigurations = (
				653B07BF219DF2A4008904CA /* Debug */,
				653B07C0219DF2A4008904CA /* Release */,
			);
			defaultConfigurationIsVisible = 0;
			defaultConfigurationName = Release;
		};
		653B07C1219DF2A4008904CA /* Build configuration list for PBXNativeTarget "tute-UseCoreData" */ = {
			isa = XCConfigurationList;
			buildConfigurations = (
				653B07C2219DF2A4008904CA /* Debug */,
				653B07C3219DF2A4008904CA /* Release */,
			);
			defaultConfigurationIsVisible = 0;
			defaultConfigurationName = Release;
		};
/* End XCConfigurationList section */

/* Begin XCVersionGroup section */
		653B07B6219DF2A2008904CA /* tute_UseCoreData.xcdatamodeld */ = {
			isa = XCVersionGroup;
			children = (
				653B07B7219DF2A2008904CA /* tute_UseCoreData.xcdatamodel */,
			);
			currentVersion = 653B07B7219DF2A2008904CA /* tute_UseCoreData.xcdatamodel */;
			path = tute_UseCoreData.xcdatamodeld;
			sourceTree = "<group>";
			versionGroupType = wrapper.xcdatamodel;
		};
/* End XCVersionGroup section */
	};
	rootObject = 653B07A4219DF2A2008904CA /* Project object */;
}
